// !$*UTF8*$!
{
	archiveVersion = 1;
	classes = {
	};
	objectVersion = 50;
	objects = {

/* Begin PBXBuildFile section */
<<<<<<< Updated upstream
		9BC337FB20E48F860053C16A /* DogBowl.swift in Sources */ = {isa = PBXBuildFile; fileRef = 9BC337FA20E48F860053C16A /* DogBowl.swift */; };
		9BC337FC20E48F860053C16A /* DogBowl.swift in Sources */ = {isa = PBXBuildFile; fileRef = 9BC337FA20E48F860053C16A /* DogBowl.swift */; };
		9BC337FD20E48F860053C16A /* DogBowl.swift in Sources */ = {isa = PBXBuildFile; fileRef = 9BC337FA20E48F860053C16A /* DogBowl.swift */; };
=======
		2BC663278B678E4B29605F98 /* Pods_dog_bowlTests.framework in Frameworks */ = {isa = PBXBuildFile; fileRef = 87B1ACFECF091865A2BE84E1 /* Pods_dog_bowlTests.framework */; };
		36F4D92D8CF9A76BCD6AB31B /* Pods_dog_bowl.framework in Frameworks */ = {isa = PBXBuildFile; fileRef = E7AB961648E8C4DBE32C96D4 /* Pods_dog_bowl.framework */; };
>>>>>>> Stashed changes
		9BC337FF20E48FA40053C16A /* Model.swift in Sources */ = {isa = PBXBuildFile; fileRef = 9BC337FE20E48FA40053C16A /* Model.swift */; };
		9BC3380020E48FA40053C16A /* Model.swift in Sources */ = {isa = PBXBuildFile; fileRef = 9BC337FE20E48FA40053C16A /* Model.swift */; };
		9BC3380120E48FA40053C16A /* Model.swift in Sources */ = {isa = PBXBuildFile; fileRef = 9BC337FE20E48FA40053C16A /* Model.swift */; };
		9BC3380320E48FC70053C16A /* Establishment.swift in Sources */ = {isa = PBXBuildFile; fileRef = 9BC3380220E48FC70053C16A /* Establishment.swift */; };
		9BC3380420E48FC70053C16A /* Establishment.swift in Sources */ = {isa = PBXBuildFile; fileRef = 9BC3380220E48FC70053C16A /* Establishment.swift */; };
		9BC3380520E48FC70053C16A /* Establishment.swift in Sources */ = {isa = PBXBuildFile; fileRef = 9BC3380220E48FC70053C16A /* Establishment.swift */; };
<<<<<<< Updated upstream
		F441D96520F87EB8008AF9EC /* MapController.swift in Sources */ = {isa = PBXBuildFile; fileRef = F441D96420F87EB8008AF9EC /* MapController.swift */; };
		F441D96620F87EB8008AF9EC /* MapController.swift in Sources */ = {isa = PBXBuildFile; fileRef = F441D96420F87EB8008AF9EC /* MapController.swift */; };
		F441D96720F87EB8008AF9EC /* MapController.swift in Sources */ = {isa = PBXBuildFile; fileRef = F441D96420F87EB8008AF9EC /* MapController.swift */; };
		F489D2C920F6DEA300D8B69C /* TableViewController.swift in Sources */ = {isa = PBXBuildFile; fileRef = F489D2C820F6DEA300D8B69C /* TableViewController.swift */; };
		F489D2CA20F6DEA300D8B69C /* TableViewController.swift in Sources */ = {isa = PBXBuildFile; fileRef = F489D2C820F6DEA300D8B69C /* TableViewController.swift */; };
		F489D2CB20F6DEA300D8B69C /* TableViewController.swift in Sources */ = {isa = PBXBuildFile; fileRef = F489D2C820F6DEA300D8B69C /* TableViewController.swift */; };
=======
		9BF858CB20FE02CC00AF77B4 /* EditViewController.swift in Sources */ = {isa = PBXBuildFile; fileRef = 9BF858C320FE02CB00AF77B4 /* EditViewController.swift */; };
		9BF858CC20FE02CC00AF77B4 /* MapViewController.swift in Sources */ = {isa = PBXBuildFile; fileRef = 9BF858C420FE02CB00AF77B4 /* MapViewController.swift */; };
		9BF858CD20FE02CC00AF77B4 /* ReportViewController.swift in Sources */ = {isa = PBXBuildFile; fileRef = 9BF858C520FE02CB00AF77B4 /* ReportViewController.swift */; };
		9BF858CF20FE02CC00AF77B4 /* AppDelegate.swift in Sources */ = {isa = PBXBuildFile; fileRef = 9BF858C720FE02CB00AF77B4 /* AppDelegate.swift */; };
		9BF858D020FE02CC00AF77B4 /* PopoverRatingController.swift in Sources */ = {isa = PBXBuildFile; fileRef = 9BF858C820FE02CC00AF77B4 /* PopoverRatingController.swift */; };
		9BF858D120FE02CC00AF77B4 /* TableViewController.swift in Sources */ = {isa = PBXBuildFile; fileRef = 9BF858C920FE02CC00AF77B4 /* TableViewController.swift */; };
		D055D5B2B04D3A1A4663BA40 /* Pods_dog_bowlUITests.framework in Frameworks */ = {isa = PBXBuildFile; fileRef = AB8B23336529B12BD4E44BC1 /* Pods_dog_bowlUITests.framework */; };
		F435D09A2127AB9400C8F3B5 /* AddEditView.swift in Sources */ = {isa = PBXBuildFile; fileRef = F435D0992127AB9400C8F3B5 /* AddEditView.swift */; };
		F435D09B2127AB9400C8F3B5 /* AddEditView.swift in Sources */ = {isa = PBXBuildFile; fileRef = F435D0992127AB9400C8F3B5 /* AddEditView.swift */; };
		F435D09C2127AB9400C8F3B5 /* AddEditView.swift in Sources */ = {isa = PBXBuildFile; fileRef = F435D0992127AB9400C8F3B5 /* AddEditView.swift */; };
		F43F5EC22120F3D900C22B9E /* LocationSearchViewController.swift in Sources */ = {isa = PBXBuildFile; fileRef = F43F5EC12120F3D900C22B9E /* LocationSearchViewController.swift */; };
		F43F5EC32120F3D900C22B9E /* LocationSearchViewController.swift in Sources */ = {isa = PBXBuildFile; fileRef = F43F5EC12120F3D900C22B9E /* LocationSearchViewController.swift */; };
		F43F5EC42120F3D900C22B9E /* LocationSearchViewController.swift in Sources */ = {isa = PBXBuildFile; fileRef = F43F5EC12120F3D900C22B9E /* LocationSearchViewController.swift */; };
		F43F5EC621210F8B00C22B9E /* GooglePlacesRequest.swift in Sources */ = {isa = PBXBuildFile; fileRef = F43F5EC521210F8B00C22B9E /* GooglePlacesRequest.swift */; };
		F43F5EC721210F8B00C22B9E /* GooglePlacesRequest.swift in Sources */ = {isa = PBXBuildFile; fileRef = F43F5EC521210F8B00C22B9E /* GooglePlacesRequest.swift */; };
		F43F5EC821210F8B00C22B9E /* GooglePlacesRequest.swift in Sources */ = {isa = PBXBuildFile; fileRef = F43F5EC521210F8B00C22B9E /* GooglePlacesRequest.swift */; };
		F441D98D20FB7463008AF9EC /* ErrorRecording.swift in Sources */ = {isa = PBXBuildFile; fileRef = F441D98C20FB7463008AF9EC /* ErrorRecording.swift */; };
		F441D98E20FB7463008AF9EC /* ErrorRecording.swift in Sources */ = {isa = PBXBuildFile; fileRef = F441D98C20FB7463008AF9EC /* ErrorRecording.swift */; };
		F441D98F20FB7463008AF9EC /* ErrorRecording.swift in Sources */ = {isa = PBXBuildFile; fileRef = F441D98C20FB7463008AF9EC /* ErrorRecording.swift */; };
		F46D62B1212904AC0071B97F /* dog_bowl.xcdatamodeld in Sources */ = {isa = PBXBuildFile; fileRef = F4B1BC6920D4A849009F80CE /* dog_bowl.xcdatamodeld */; };
		F46D62B2212904AC0071B97F /* dog_bowl.xcdatamodeld in Sources */ = {isa = PBXBuildFile; fileRef = F4B1BC6920D4A849009F80CE /* dog_bowl.xcdatamodeld */; };
		F46D635621290C790071B97F /* Default-568h@2x.png in Resources */ = {isa = PBXBuildFile; fileRef = F46D635521290C780071B97F /* Default-568h@2x.png */; };
>>>>>>> Stashed changes
		F489D2CD20F6FAA000D8B69C /* DetailViewController.swift in Sources */ = {isa = PBXBuildFile; fileRef = F489D2CC20F6FAA000D8B69C /* DetailViewController.swift */; };
		F489D2CE20F6FAA000D8B69C /* DetailViewController.swift in Sources */ = {isa = PBXBuildFile; fileRef = F489D2CC20F6FAA000D8B69C /* DetailViewController.swift */; };
		F489D2CF20F6FAA000D8B69C /* DetailViewController.swift in Sources */ = {isa = PBXBuildFile; fileRef = F489D2CC20F6FAA000D8B69C /* DetailViewController.swift */; };
		F489D2D520F75F3300D8B69C /* CosmosDistrib.swift in Sources */ = {isa = PBXBuildFile; fileRef = F489D2D420F75F3300D8B69C /* CosmosDistrib.swift */; };
		F489D2D620F75F3300D8B69C /* CosmosDistrib.swift in Sources */ = {isa = PBXBuildFile; fileRef = F489D2D420F75F3300D8B69C /* CosmosDistrib.swift */; };
		F489D2D720F75F3300D8B69C /* CosmosDistrib.swift in Sources */ = {isa = PBXBuildFile; fileRef = F489D2D420F75F3300D8B69C /* CosmosDistrib.swift */; };
		F4B1BC6320D4A849009F80CE /* AppDelegate.swift in Sources */ = {isa = PBXBuildFile; fileRef = F4B1BC6220D4A849009F80CE /* AppDelegate.swift */; };
		F4B1BC6520D4A849009F80CE /* ViewController.swift in Sources */ = {isa = PBXBuildFile; fileRef = F4B1BC6420D4A849009F80CE /* ViewController.swift */; };
		F4B1BC6820D4A849009F80CE /* Main.storyboard in Resources */ = {isa = PBXBuildFile; fileRef = F4B1BC6620D4A849009F80CE /* Main.storyboard */; };
		F4B1BC6B20D4A849009F80CE /* dog_bowl.xcdatamodeld in Sources */ = {isa = PBXBuildFile; fileRef = F4B1BC6920D4A849009F80CE /* dog_bowl.xcdatamodeld */; };
		F4B1BC6D20D4A84A009F80CE /* Assets.xcassets in Resources */ = {isa = PBXBuildFile; fileRef = F4B1BC6C20D4A84A009F80CE /* Assets.xcassets */; };
		F4B1BC7020D4A84A009F80CE /* LaunchScreen.storyboard in Resources */ = {isa = PBXBuildFile; fileRef = F4B1BC6E20D4A84A009F80CE /* LaunchScreen.storyboard */; };
		F4B1BC7B20D4A84A009F80CE /* dog_bowlTests.swift in Sources */ = {isa = PBXBuildFile; fileRef = F4B1BC7A20D4A84A009F80CE /* dog_bowlTests.swift */; };
		F4B1BC8620D4A84A009F80CE /* dog_bowlUITests.swift in Sources */ = {isa = PBXBuildFile; fileRef = F4B1BC8520D4A84A009F80CE /* dog_bowlUITests.swift */; };
<<<<<<< Updated upstream
=======
		F4B4C4492127C11F00086062 /* FormController.swift in Sources */ = {isa = PBXBuildFile; fileRef = F4B4C4482127C11F00086062 /* FormController.swift */; };
		F4B4C44A2127C11F00086062 /* FormController.swift in Sources */ = {isa = PBXBuildFile; fileRef = F4B4C4482127C11F00086062 /* FormController.swift */; };
		F4B4C44B2127C11F00086062 /* FormController.swift in Sources */ = {isa = PBXBuildFile; fileRef = F4B4C4482127C11F00086062 /* FormController.swift */; };
		F4B4C44D2127E7C900086062 /* NearbyBusinessTable.swift in Sources */ = {isa = PBXBuildFile; fileRef = F4B4C44C2127E7C900086062 /* NearbyBusinessTable.swift */; };
		F4B4C44E2127E7C900086062 /* NearbyBusinessTable.swift in Sources */ = {isa = PBXBuildFile; fileRef = F4B4C44C2127E7C900086062 /* NearbyBusinessTable.swift */; };
		F4B4C44F2127E7C900086062 /* NearbyBusinessTable.swift in Sources */ = {isa = PBXBuildFile; fileRef = F4B4C44C2127E7C900086062 /* NearbyBusinessTable.swift */; };
		F4B4C45B2128F8AB00086062 /* ImgDelegate.swift in Sources */ = {isa = PBXBuildFile; fileRef = F4B4C45A2128F8AB00086062 /* ImgDelegate.swift */; };
		F4B4C45C2128F8AB00086062 /* ImgDelegate.swift in Sources */ = {isa = PBXBuildFile; fileRef = F4B4C45A2128F8AB00086062 /* ImgDelegate.swift */; };
		F4B4C45D2128F8AB00086062 /* ImgDelegate.swift in Sources */ = {isa = PBXBuildFile; fileRef = F4B4C45A2128F8AB00086062 /* ImgDelegate.swift */; };
		F4B4C466212901E800086062 /* User+CoreDataClass.swift in Sources */ = {isa = PBXBuildFile; fileRef = F4B4C45E212901E800086062 /* User+CoreDataClass.swift */; };
		F4B4C467212901E800086062 /* User+CoreDataClass.swift in Sources */ = {isa = PBXBuildFile; fileRef = F4B4C45E212901E800086062 /* User+CoreDataClass.swift */; };
		F4B4C468212901E800086062 /* User+CoreDataClass.swift in Sources */ = {isa = PBXBuildFile; fileRef = F4B4C45E212901E800086062 /* User+CoreDataClass.swift */; };
		F4B4C469212901E800086062 /* User+CoreDataProperties.swift in Sources */ = {isa = PBXBuildFile; fileRef = F4B4C45F212901E800086062 /* User+CoreDataProperties.swift */; };
		F4B4C46A212901E800086062 /* User+CoreDataProperties.swift in Sources */ = {isa = PBXBuildFile; fileRef = F4B4C45F212901E800086062 /* User+CoreDataProperties.swift */; };
		F4B4C46B212901E800086062 /* User+CoreDataProperties.swift in Sources */ = {isa = PBXBuildFile; fileRef = F4B4C45F212901E800086062 /* User+CoreDataProperties.swift */; };
		F4B4C46C212901E800086062 /* Establishment+CoreDataClass.swift in Sources */ = {isa = PBXBuildFile; fileRef = F4B4C460212901E800086062 /* Establishment+CoreDataClass.swift */; };
		F4B4C46D212901E800086062 /* Establishment+CoreDataClass.swift in Sources */ = {isa = PBXBuildFile; fileRef = F4B4C460212901E800086062 /* Establishment+CoreDataClass.swift */; };
		F4B4C46E212901E800086062 /* Establishment+CoreDataClass.swift in Sources */ = {isa = PBXBuildFile; fileRef = F4B4C460212901E800086062 /* Establishment+CoreDataClass.swift */; };
		F4B4C46F212901E800086062 /* Establishment+CoreDataProperties.swift in Sources */ = {isa = PBXBuildFile; fileRef = F4B4C461212901E800086062 /* Establishment+CoreDataProperties.swift */; };
		F4B4C470212901E800086062 /* Establishment+CoreDataProperties.swift in Sources */ = {isa = PBXBuildFile; fileRef = F4B4C461212901E800086062 /* Establishment+CoreDataProperties.swift */; };
		F4B4C471212901E800086062 /* Establishment+CoreDataProperties.swift in Sources */ = {isa = PBXBuildFile; fileRef = F4B4C461212901E800086062 /* Establishment+CoreDataProperties.swift */; };
		F4B4C472212901E800086062 /* DogBowl+CoreDataClass.swift in Sources */ = {isa = PBXBuildFile; fileRef = F4B4C462212901E800086062 /* DogBowl+CoreDataClass.swift */; };
		F4B4C473212901E800086062 /* DogBowl+CoreDataClass.swift in Sources */ = {isa = PBXBuildFile; fileRef = F4B4C462212901E800086062 /* DogBowl+CoreDataClass.swift */; };
		F4B4C474212901E800086062 /* DogBowl+CoreDataClass.swift in Sources */ = {isa = PBXBuildFile; fileRef = F4B4C462212901E800086062 /* DogBowl+CoreDataClass.swift */; };
		F4B4C475212901E800086062 /* DogBowl+CoreDataProperties.swift in Sources */ = {isa = PBXBuildFile; fileRef = F4B4C463212901E800086062 /* DogBowl+CoreDataProperties.swift */; };
		F4B4C476212901E800086062 /* DogBowl+CoreDataProperties.swift in Sources */ = {isa = PBXBuildFile; fileRef = F4B4C463212901E800086062 /* DogBowl+CoreDataProperties.swift */; };
		F4B4C477212901E800086062 /* DogBowl+CoreDataProperties.swift in Sources */ = {isa = PBXBuildFile; fileRef = F4B4C463212901E800086062 /* DogBowl+CoreDataProperties.swift */; };
		F4B4C478212901E800086062 /* Rating+CoreDataClass.swift in Sources */ = {isa = PBXBuildFile; fileRef = F4B4C464212901E800086062 /* Rating+CoreDataClass.swift */; };
		F4B4C479212901E800086062 /* Rating+CoreDataClass.swift in Sources */ = {isa = PBXBuildFile; fileRef = F4B4C464212901E800086062 /* Rating+CoreDataClass.swift */; };
		F4B4C47A212901E800086062 /* Rating+CoreDataClass.swift in Sources */ = {isa = PBXBuildFile; fileRef = F4B4C464212901E800086062 /* Rating+CoreDataClass.swift */; };
		F4B4C47B212901E800086062 /* Rating+CoreDataProperties.swift in Sources */ = {isa = PBXBuildFile; fileRef = F4B4C465212901E800086062 /* Rating+CoreDataProperties.swift */; };
		F4B4C47C212901E800086062 /* Rating+CoreDataProperties.swift in Sources */ = {isa = PBXBuildFile; fileRef = F4B4C465212901E800086062 /* Rating+CoreDataProperties.swift */; };
		F4B4C47D212901E800086062 /* Rating+CoreDataProperties.swift in Sources */ = {isa = PBXBuildFile; fileRef = F4B4C465212901E800086062 /* Rating+CoreDataProperties.swift */; };
		F4FABA56211C32080071758F /* AppDelegate.swift in Sources */ = {isa = PBXBuildFile; fileRef = 9BF858C720FE02CB00AF77B4 /* AppDelegate.swift */; };
		F4FABA57211C32090071758F /* AppDelegate.swift in Sources */ = {isa = PBXBuildFile; fileRef = 9BF858C720FE02CB00AF77B4 /* AppDelegate.swift */; };
		F4FABA5A211C32160071758F /* EditViewController.swift in Sources */ = {isa = PBXBuildFile; fileRef = 9BF858C320FE02CB00AF77B4 /* EditViewController.swift */; };
		F4FABA5B211C32160071758F /* EditViewController.swift in Sources */ = {isa = PBXBuildFile; fileRef = 9BF858C320FE02CB00AF77B4 /* EditViewController.swift */; };
		F4FABA5C211C32190071758F /* MapViewController.swift in Sources */ = {isa = PBXBuildFile; fileRef = 9BF858C420FE02CB00AF77B4 /* MapViewController.swift */; };
		F4FABA5D211C32190071758F /* MapViewController.swift in Sources */ = {isa = PBXBuildFile; fileRef = 9BF858C420FE02CB00AF77B4 /* MapViewController.swift */; };
		F4FABA5E211C321F0071758F /* PopoverRatingController.swift in Sources */ = {isa = PBXBuildFile; fileRef = 9BF858C820FE02CC00AF77B4 /* PopoverRatingController.swift */; };
		F4FABA5F211C321F0071758F /* PopoverRatingController.swift in Sources */ = {isa = PBXBuildFile; fileRef = 9BF858C820FE02CC00AF77B4 /* PopoverRatingController.swift */; };
		F4FABA61211C32CF0071758F /* MapDelegate.swift in Sources */ = {isa = PBXBuildFile; fileRef = F4FABA60211C32CF0071758F /* MapDelegate.swift */; };
		F4FABA62211C32CF0071758F /* MapDelegate.swift in Sources */ = {isa = PBXBuildFile; fileRef = F4FABA60211C32CF0071758F /* MapDelegate.swift */; };
		F4FABA63211C32CF0071758F /* MapDelegate.swift in Sources */ = {isa = PBXBuildFile; fileRef = F4FABA60211C32CF0071758F /* MapDelegate.swift */; };
>>>>>>> Stashed changes
/* End PBXBuildFile section */

/* Begin PBXContainerItemProxy section */
		F4B1BC7720D4A84A009F80CE /* PBXContainerItemProxy */ = {
			isa = PBXContainerItemProxy;
			containerPortal = F4B1BC5720D4A849009F80CE /* Project object */;
			proxyType = 1;
			remoteGlobalIDString = F4B1BC5E20D4A849009F80CE;
			remoteInfo = "dog-bowl";
		};
		F4B1BC8220D4A84A009F80CE /* PBXContainerItemProxy */ = {
			isa = PBXContainerItemProxy;
			containerPortal = F4B1BC5720D4A849009F80CE /* Project object */;
			proxyType = 1;
			remoteGlobalIDString = F4B1BC5E20D4A849009F80CE;
			remoteInfo = "dog-bowl";
		};
/* End PBXContainerItemProxy section */

/* Begin PBXFileReference section */
<<<<<<< Updated upstream
		9BC337FA20E48F860053C16A /* DogBowl.swift */ = {isa = PBXFileReference; lastKnownFileType = sourcecode.swift; path = DogBowl.swift; sourceTree = "<group>"; };
		9BC337FE20E48FA40053C16A /* Model.swift */ = {isa = PBXFileReference; lastKnownFileType = sourcecode.swift; path = Model.swift; sourceTree = "<group>"; };
		9BC3380220E48FC70053C16A /* Establishment.swift */ = {isa = PBXFileReference; lastKnownFileType = sourcecode.swift; path = Establishment.swift; sourceTree = "<group>"; };
		F441D96420F87EB8008AF9EC /* MapController.swift */ = {isa = PBXFileReference; lastKnownFileType = sourcecode.swift; path = MapController.swift; sourceTree = "<group>"; };
		F489D2C820F6DEA300D8B69C /* TableViewController.swift */ = {isa = PBXFileReference; lastKnownFileType = sourcecode.swift; path = TableViewController.swift; sourceTree = "<group>"; };
=======
		0C01290B83F4B22F1C5B3E6A /* Pods-dog-bowl.debug.xcconfig */ = {isa = PBXFileReference; includeInIndex = 1; lastKnownFileType = text.xcconfig; name = "Pods-dog-bowl.debug.xcconfig"; path = "Pods/Target Support Files/Pods-dog-bowl/Pods-dog-bowl.debug.xcconfig"; sourceTree = "<group>"; };
		23B55C51D5319BB1DCD12121 /* Pods-dog-bowlTests.release.xcconfig */ = {isa = PBXFileReference; includeInIndex = 1; lastKnownFileType = text.xcconfig; name = "Pods-dog-bowlTests.release.xcconfig"; path = "Pods/Target Support Files/Pods-dog-bowlTests/Pods-dog-bowlTests.release.xcconfig"; sourceTree = "<group>"; };
		4BB76DAA71456A9A3824FF68 /* Pods-dog-bowl.release.xcconfig */ = {isa = PBXFileReference; includeInIndex = 1; lastKnownFileType = text.xcconfig; name = "Pods-dog-bowl.release.xcconfig"; path = "Pods/Target Support Files/Pods-dog-bowl/Pods-dog-bowl.release.xcconfig"; sourceTree = "<group>"; };
		87B1ACFECF091865A2BE84E1 /* Pods_dog_bowlTests.framework */ = {isa = PBXFileReference; explicitFileType = wrapper.framework; includeInIndex = 0; path = Pods_dog_bowlTests.framework; sourceTree = BUILT_PRODUCTS_DIR; };
		9BC337FE20E48FA40053C16A /* Model.swift */ = {isa = PBXFileReference; lastKnownFileType = sourcecode.swift; path = Model.swift; sourceTree = "<group>"; };
		9BC3380220E48FC70053C16A /* Establishment.swift */ = {isa = PBXFileReference; lastKnownFileType = sourcecode.swift; path = Establishment.swift; sourceTree = "<group>"; };
		9BF858C320FE02CB00AF77B4 /* EditViewController.swift */ = {isa = PBXFileReference; fileEncoding = 4; lastKnownFileType = sourcecode.swift; path = EditViewController.swift; sourceTree = "<group>"; };
		9BF858C420FE02CB00AF77B4 /* MapViewController.swift */ = {isa = PBXFileReference; fileEncoding = 4; lastKnownFileType = sourcecode.swift; path = MapViewController.swift; sourceTree = "<group>"; };
		9BF858C520FE02CB00AF77B4 /* ReportViewController.swift */ = {isa = PBXFileReference; fileEncoding = 4; lastKnownFileType = sourcecode.swift; path = ReportViewController.swift; sourceTree = "<group>"; };
		9BF858C720FE02CB00AF77B4 /* AppDelegate.swift */ = {isa = PBXFileReference; fileEncoding = 4; lastKnownFileType = sourcecode.swift; path = AppDelegate.swift; sourceTree = "<group>"; };
		9BF858C820FE02CC00AF77B4 /* PopoverRatingController.swift */ = {isa = PBXFileReference; fileEncoding = 4; lastKnownFileType = sourcecode.swift; path = PopoverRatingController.swift; sourceTree = "<group>"; };
		9BF858C920FE02CC00AF77B4 /* TableViewController.swift */ = {isa = PBXFileReference; fileEncoding = 4; lastKnownFileType = sourcecode.swift; path = TableViewController.swift; sourceTree = "<group>"; };
		AB8B23336529B12BD4E44BC1 /* Pods_dog_bowlUITests.framework */ = {isa = PBXFileReference; explicitFileType = wrapper.framework; includeInIndex = 0; path = Pods_dog_bowlUITests.framework; sourceTree = BUILT_PRODUCTS_DIR; };
		B7882FFCE824DAA6F8BD11B4 /* Pods-dog-bowlTests.debug.xcconfig */ = {isa = PBXFileReference; includeInIndex = 1; lastKnownFileType = text.xcconfig; name = "Pods-dog-bowlTests.debug.xcconfig"; path = "Pods/Target Support Files/Pods-dog-bowlTests/Pods-dog-bowlTests.debug.xcconfig"; sourceTree = "<group>"; };
		CFE49AE24554AC255396F902 /* Pods-dog-bowlUITests.debug.xcconfig */ = {isa = PBXFileReference; includeInIndex = 1; lastKnownFileType = text.xcconfig; name = "Pods-dog-bowlUITests.debug.xcconfig"; path = "Pods/Target Support Files/Pods-dog-bowlUITests/Pods-dog-bowlUITests.debug.xcconfig"; sourceTree = "<group>"; };
		E7AB961648E8C4DBE32C96D4 /* Pods_dog_bowl.framework */ = {isa = PBXFileReference; explicitFileType = wrapper.framework; includeInIndex = 0; path = Pods_dog_bowl.framework; sourceTree = BUILT_PRODUCTS_DIR; };
		F2A58FC7CAAFBC7263012C98 /* Pods-dog-bowlUITests.release.xcconfig */ = {isa = PBXFileReference; includeInIndex = 1; lastKnownFileType = text.xcconfig; name = "Pods-dog-bowlUITests.release.xcconfig"; path = "Pods/Target Support Files/Pods-dog-bowlUITests/Pods-dog-bowlUITests.release.xcconfig"; sourceTree = "<group>"; };
		F435D0992127AB9400C8F3B5 /* AddEditView.swift */ = {isa = PBXFileReference; lastKnownFileType = sourcecode.swift; path = AddEditView.swift; sourceTree = "<group>"; };
		F43F5EC12120F3D900C22B9E /* LocationSearchViewController.swift */ = {isa = PBXFileReference; lastKnownFileType = sourcecode.swift; path = LocationSearchViewController.swift; sourceTree = "<group>"; };
		F43F5EC521210F8B00C22B9E /* GooglePlacesRequest.swift */ = {isa = PBXFileReference; lastKnownFileType = sourcecode.swift; path = GooglePlacesRequest.swift; sourceTree = "<group>"; };
		F441D98C20FB7463008AF9EC /* ErrorRecording.swift */ = {isa = PBXFileReference; lastKnownFileType = sourcecode.swift; path = ErrorRecording.swift; sourceTree = "<group>"; };
		F46D635521290C780071B97F /* Default-568h@2x.png */ = {isa = PBXFileReference; lastKnownFileType = image.png; path = "Default-568h@2x.png"; sourceTree = "<group>"; };
>>>>>>> Stashed changes
		F489D2CC20F6FAA000D8B69C /* DetailViewController.swift */ = {isa = PBXFileReference; lastKnownFileType = sourcecode.swift; path = DetailViewController.swift; sourceTree = "<group>"; };
		F489D2D420F75F3300D8B69C /* CosmosDistrib.swift */ = {isa = PBXFileReference; fileEncoding = 4; lastKnownFileType = sourcecode.swift; name = CosmosDistrib.swift; path = ../../../../../../../Documents/Code/perl_learning/assignment1/Cosmos/Distrib/CosmosDistrib.swift; sourceTree = "<group>"; };
		F4B1BC5F20D4A849009F80CE /* dog-bowl.app */ = {isa = PBXFileReference; explicitFileType = wrapper.application; includeInIndex = 0; path = "dog-bowl.app"; sourceTree = BUILT_PRODUCTS_DIR; };
		F4B1BC6220D4A849009F80CE /* AppDelegate.swift */ = {isa = PBXFileReference; lastKnownFileType = sourcecode.swift; path = AppDelegate.swift; sourceTree = "<group>"; };
		F4B1BC6420D4A849009F80CE /* ViewController.swift */ = {isa = PBXFileReference; lastKnownFileType = sourcecode.swift; path = ViewController.swift; sourceTree = "<group>"; };
		F4B1BC6720D4A849009F80CE /* Base */ = {isa = PBXFileReference; lastKnownFileType = file.storyboard; name = Base; path = Base.lproj/Main.storyboard; sourceTree = "<group>"; };
		F4B1BC6A20D4A849009F80CE /* dog_bowl.xcdatamodel */ = {isa = PBXFileReference; lastKnownFileType = wrapper.xcdatamodel; path = dog_bowl.xcdatamodel; sourceTree = "<group>"; };
		F4B1BC6C20D4A84A009F80CE /* Assets.xcassets */ = {isa = PBXFileReference; lastKnownFileType = folder.assetcatalog; path = Assets.xcassets; sourceTree = "<group>"; };
		F4B1BC6F20D4A84A009F80CE /* Base */ = {isa = PBXFileReference; lastKnownFileType = file.storyboard; name = Base; path = Base.lproj/LaunchScreen.storyboard; sourceTree = "<group>"; };
		F4B1BC7120D4A84A009F80CE /* Info.plist */ = {isa = PBXFileReference; lastKnownFileType = text.plist.xml; path = Info.plist; sourceTree = "<group>"; };
		F4B1BC7620D4A84A009F80CE /* dog-bowlTests.xctest */ = {isa = PBXFileReference; explicitFileType = wrapper.cfbundle; includeInIndex = 0; path = "dog-bowlTests.xctest"; sourceTree = BUILT_PRODUCTS_DIR; };
		F4B1BC7A20D4A84A009F80CE /* dog_bowlTests.swift */ = {isa = PBXFileReference; lastKnownFileType = sourcecode.swift; path = dog_bowlTests.swift; sourceTree = "<group>"; };
		F4B1BC7C20D4A84A009F80CE /* Info.plist */ = {isa = PBXFileReference; lastKnownFileType = text.plist.xml; path = Info.plist; sourceTree = "<group>"; };
		F4B1BC8120D4A84A009F80CE /* dog-bowlUITests.xctest */ = {isa = PBXFileReference; explicitFileType = wrapper.cfbundle; includeInIndex = 0; path = "dog-bowlUITests.xctest"; sourceTree = BUILT_PRODUCTS_DIR; };
		F4B1BC8520D4A84A009F80CE /* dog_bowlUITests.swift */ = {isa = PBXFileReference; lastKnownFileType = sourcecode.swift; path = dog_bowlUITests.swift; sourceTree = "<group>"; };
		F4B1BC8720D4A84A009F80CE /* Info.plist */ = {isa = PBXFileReference; lastKnownFileType = text.plist.xml; path = Info.plist; sourceTree = "<group>"; };
/* End PBXFileReference section */

/* Begin PBXFrameworksBuildPhase section */
		F4B1BC5C20D4A849009F80CE /* Frameworks */ = {
			isa = PBXFrameworksBuildPhase;
			buildActionMask = 2147483647;
			files = (
			);
			runOnlyForDeploymentPostprocessing = 0;
		};
		F4B1BC7320D4A84A009F80CE /* Frameworks */ = {
			isa = PBXFrameworksBuildPhase;
			buildActionMask = 2147483647;
			files = (
			);
			runOnlyForDeploymentPostprocessing = 0;
		};
		F4B1BC7E20D4A84A009F80CE /* Frameworks */ = {
			isa = PBXFrameworksBuildPhase;
			buildActionMask = 2147483647;
			files = (
			);
			runOnlyForDeploymentPostprocessing = 0;
		};
/* End PBXFrameworksBuildPhase section */

/* Begin PBXGroup section */
		F40C5A9A20E3142000C86EE9 /* model */ = {
			isa = PBXGroup;
			children = (
				F4B1BC6C20D4A84A009F80CE /* Assets.xcassets */,
				9BC337FE20E48FA40053C16A /* Model.swift */,
				9BC3380220E48FC70053C16A /* Establishment.swift */,
			);
			path = model;
			sourceTree = "<group>";
		};
		F40C5A9B20E3142800C86EE9 /* controller */ = {
			isa = PBXGroup;
			children = (
<<<<<<< Updated upstream
				F489D2D420F75F3300D8B69C /* CosmosDistrib.swift */,
				F4B1BC6220D4A849009F80CE /* AppDelegate.swift */,
				F4B1BC6420D4A849009F80CE /* ViewController.swift */,
				F489D2C820F6DEA300D8B69C /* TableViewController.swift */,
=======
				F43F5EC12120F3D900C22B9E /* LocationSearchViewController.swift */,
				9BF858C320FE02CB00AF77B4 /* EditViewController.swift */,
				9BF858C420FE02CB00AF77B4 /* MapViewController.swift */,
				9BF858C820FE02CC00AF77B4 /* PopoverRatingController.swift */,
				9BF858C520FE02CB00AF77B4 /* ReportViewController.swift */,
				9BF858C920FE02CC00AF77B4 /* TableViewController.swift */,
>>>>>>> Stashed changes
				F489D2CC20F6FAA000D8B69C /* DetailViewController.swift */,
				F441D96420F87EB8008AF9EC /* MapController.swift */,
			);
			path = controller;
			sourceTree = "<group>";
		};
		F40C5A9C20E3142E00C86EE9 /* view */ = {
			isa = PBXGroup;
			children = (
				F4B1BC6620D4A849009F80CE /* Main.storyboard */,
				F4B1BC6E20D4A84A009F80CE /* LaunchScreen.storyboard */,
			);
			path = view;
			sourceTree = "<group>";
		};
<<<<<<< Updated upstream
=======
		F42E9495211A926A00C75CE4 /* support */ = {
			isa = PBXGroup;
			children = (
				9BF858C720FE02CB00AF77B4 /* AppDelegate.swift */,
				F4FABA60211C32CF0071758F /* MapDelegate.swift */,
				F43F5EC521210F8B00C22B9E /* GooglePlacesRequest.swift */,
				F4B4C45A2128F8AB00086062 /* ImgDelegate.swift */,
			);
			path = support;
			sourceTree = "<group>";
		};
>>>>>>> Stashed changes
		F4B1BC5620D4A849009F80CE = {
			isa = PBXGroup;
			children = (
				F4B1BC6120D4A849009F80CE /* dog-bowl */,
				F4B1BC7920D4A84A009F80CE /* dog-bowlTests */,
				F4B1BC8420D4A84A009F80CE /* dog-bowlUITests */,
				F4B1BC6020D4A849009F80CE /* Products */,
			);
			sourceTree = "<group>";
		};
		F4B1BC6020D4A849009F80CE /* Products */ = {
			isa = PBXGroup;
			children = (
				F4B1BC5F20D4A849009F80CE /* dog-bowl.app */,
				F4B1BC7620D4A84A009F80CE /* dog-bowlTests.xctest */,
				F4B1BC8120D4A84A009F80CE /* dog-bowlUITests.xctest */,
			);
			name = Products;
			sourceTree = "<group>";
		};
		F4B1BC6120D4A849009F80CE /* dog-bowl */ = {
			isa = PBXGroup;
			children = (
				F40C5A9C20E3142E00C86EE9 /* view */,
				F40C5A9B20E3142800C86EE9 /* controller */,
				F40C5A9A20E3142000C86EE9 /* model */,
				F4B1BC7120D4A84A009F80CE /* Info.plist */,
				F4B1BC6920D4A849009F80CE /* dog_bowl.xcdatamodeld */,
			);
			path = "dog-bowl";
			sourceTree = "<group>";
		};
		F4B1BC7920D4A84A009F80CE /* dog-bowlTests */ = {
			isa = PBXGroup;
			children = (
				F4B1BC7A20D4A84A009F80CE /* dog_bowlTests.swift */,
				F4B1BC7C20D4A84A009F80CE /* Info.plist */,
			);
			path = "dog-bowlTests";
			sourceTree = "<group>";
		};
		F4B1BC8420D4A84A009F80CE /* dog-bowlUITests */ = {
			isa = PBXGroup;
			children = (
				F4B1BC8520D4A84A009F80CE /* dog_bowlUITests.swift */,
				F4B1BC8720D4A84A009F80CE /* Info.plist */,
			);
			path = "dog-bowlUITests";
			sourceTree = "<group>";
		};
/* End PBXGroup section */

/* Begin PBXNativeTarget section */
		F4B1BC5E20D4A849009F80CE /* dog-bowl */ = {
			isa = PBXNativeTarget;
			buildConfigurationList = F4B1BC8A20D4A84A009F80CE /* Build configuration list for PBXNativeTarget "dog-bowl" */;
			buildPhases = (
				F4B1BC5B20D4A849009F80CE /* Sources */,
				F4B1BC5C20D4A849009F80CE /* Frameworks */,
				F4B1BC5D20D4A849009F80CE /* Resources */,
			);
			buildRules = (
			);
			dependencies = (
			);
			name = "dog-bowl";
			productName = "dog-bowl";
			productReference = F4B1BC5F20D4A849009F80CE /* dog-bowl.app */;
			productType = "com.apple.product-type.application";
		};
		F4B1BC7520D4A84A009F80CE /* dog-bowlTests */ = {
			isa = PBXNativeTarget;
			buildConfigurationList = F4B1BC8D20D4A84A009F80CE /* Build configuration list for PBXNativeTarget "dog-bowlTests" */;
			buildPhases = (
				F4B1BC7220D4A84A009F80CE /* Sources */,
				F4B1BC7320D4A84A009F80CE /* Frameworks */,
				F4B1BC7420D4A84A009F80CE /* Resources */,
			);
			buildRules = (
			);
			dependencies = (
				F4B1BC7820D4A84A009F80CE /* PBXTargetDependency */,
			);
			name = "dog-bowlTests";
			productName = "dog-bowlTests";
			productReference = F4B1BC7620D4A84A009F80CE /* dog-bowlTests.xctest */;
			productType = "com.apple.product-type.bundle.unit-test";
		};
		F4B1BC8020D4A84A009F80CE /* dog-bowlUITests */ = {
			isa = PBXNativeTarget;
			buildConfigurationList = F4B1BC9020D4A84A009F80CE /* Build configuration list for PBXNativeTarget "dog-bowlUITests" */;
			buildPhases = (
				F4B1BC7D20D4A84A009F80CE /* Sources */,
				F4B1BC7E20D4A84A009F80CE /* Frameworks */,
				F4B1BC7F20D4A84A009F80CE /* Resources */,
			);
			buildRules = (
			);
			dependencies = (
				F4B1BC8320D4A84A009F80CE /* PBXTargetDependency */,
			);
			name = "dog-bowlUITests";
			productName = "dog-bowlUITests";
			productReference = F4B1BC8120D4A84A009F80CE /* dog-bowlUITests.xctest */;
			productType = "com.apple.product-type.bundle.ui-testing";
		};
/* End PBXNativeTarget section */

/* Begin PBXProject section */
		F4B1BC5720D4A849009F80CE /* Project object */ = {
			isa = PBXProject;
			attributes = {
				LastSwiftUpdateCheck = 0930;
				LastUpgradeCheck = 0930;
				ORGANIZATIONNAME = "sunny-coast-coders";
				TargetAttributes = {
					F4B1BC5E20D4A849009F80CE = {
						CreatedOnToolsVersion = 9.3;
					};
					F4B1BC7520D4A84A009F80CE = {
						CreatedOnToolsVersion = 9.3;
						TestTargetID = F4B1BC5E20D4A849009F80CE;
					};
					F4B1BC8020D4A84A009F80CE = {
						CreatedOnToolsVersion = 9.3;
						TestTargetID = F4B1BC5E20D4A849009F80CE;
					};
				};
			};
			buildConfigurationList = F4B1BC5A20D4A849009F80CE /* Build configuration list for PBXProject "dog-bowl" */;
			compatibilityVersion = "Xcode 9.3";
			developmentRegion = en;
			hasScannedForEncodings = 0;
			knownRegions = (
				en,
				Base,
			);
			mainGroup = F4B1BC5620D4A849009F80CE;
			productRefGroup = F4B1BC6020D4A849009F80CE /* Products */;
			projectDirPath = "";
			projectRoot = "";
			targets = (
				F4B1BC5E20D4A849009F80CE /* dog-bowl */,
				F4B1BC7520D4A84A009F80CE /* dog-bowlTests */,
				F4B1BC8020D4A84A009F80CE /* dog-bowlUITests */,
			);
		};
/* End PBXProject section */

/* Begin PBXResourcesBuildPhase section */
		F4B1BC5D20D4A849009F80CE /* Resources */ = {
			isa = PBXResourcesBuildPhase;
			buildActionMask = 2147483647;
			files = (
				F4B1BC7020D4A84A009F80CE /* LaunchScreen.storyboard in Resources */,
				F4B1BC6D20D4A84A009F80CE /* Assets.xcassets in Resources */,
				F4B1BC6820D4A849009F80CE /* Main.storyboard in Resources */,
			);
			runOnlyForDeploymentPostprocessing = 0;
		};
		F4B1BC7420D4A84A009F80CE /* Resources */ = {
			isa = PBXResourcesBuildPhase;
			buildActionMask = 2147483647;
			files = (
			);
			runOnlyForDeploymentPostprocessing = 0;
		};
		F4B1BC7F20D4A84A009F80CE /* Resources */ = {
			isa = PBXResourcesBuildPhase;
			buildActionMask = 2147483647;
			files = (
			);
			runOnlyForDeploymentPostprocessing = 0;
		};
/* End PBXResourcesBuildPhase section */

/* Begin PBXSourcesBuildPhase section */
		F4B1BC5B20D4A849009F80CE /* Sources */ = {
			isa = PBXSourcesBuildPhase;
			buildActionMask = 2147483647;
			files = (
				9BC337FF20E48FA40053C16A /* Model.swift in Sources */,
<<<<<<< Updated upstream
				9BC337FB20E48F860053C16A /* DogBowl.swift in Sources */,
				F441D96520F87EB8008AF9EC /* MapController.swift in Sources */,
				F4B1BC6520D4A849009F80CE /* ViewController.swift in Sources */,
				9BC3380320E48FC70053C16A /* Establishment.swift in Sources */,
=======
				F43F5EC621210F8B00C22B9E /* GooglePlacesRequest.swift in Sources */,
				F435D09A2127AB9400C8F3B5 /* AddEditView.swift in Sources */,
				9BC3380320E48FC70053C16A /* Establishment.swift in Sources */,
				F4B4C472212901E800086062 /* DogBowl+CoreDataClass.swift in Sources */,
>>>>>>> Stashed changes
				F489D2CD20F6FAA000D8B69C /* DetailViewController.swift in Sources */,
				F489D2D520F75F3300D8B69C /* CosmosDistrib.swift in Sources */,
				F4B1BC6320D4A849009F80CE /* AppDelegate.swift in Sources */,
				F4B1BC6B20D4A849009F80CE /* dog_bowl.xcdatamodeld in Sources */,
				F489D2C920F6DEA300D8B69C /* TableViewController.swift in Sources */,
			);
			runOnlyForDeploymentPostprocessing = 0;
		};
		F4B1BC7220D4A84A009F80CE /* Sources */ = {
			isa = PBXSourcesBuildPhase;
			buildActionMask = 2147483647;
			files = (
<<<<<<< Updated upstream
=======
				F4B4C479212901E800086062 /* Rating+CoreDataClass.swift in Sources */,
>>>>>>> Stashed changes
				9BC3380020E48FA40053C16A /* Model.swift in Sources */,
				9BC3380420E48FC70053C16A /* Establishment.swift in Sources */,
				F489D2CE20F6FAA000D8B69C /* DetailViewController.swift in Sources */,
				F4B1BC7B20D4A84A009F80CE /* dog_bowlTests.swift in Sources */,
<<<<<<< Updated upstream
				F489D2D620F75F3300D8B69C /* CosmosDistrib.swift in Sources */,
				F489D2CA20F6DEA300D8B69C /* TableViewController.swift in Sources */,
				F441D96620F87EB8008AF9EC /* MapController.swift in Sources */,
				9BC337FC20E48F860053C16A /* DogBowl.swift in Sources */,
=======
				F435D09B2127AB9400C8F3B5 /* AddEditView.swift in Sources */,
				F43F5EC721210F8B00C22B9E /* GooglePlacesRequest.swift in Sources */,
				F46D62B1212904AC0071B97F /* dog_bowl.xcdatamodeld in Sources */,
				F4FABA62211C32CF0071758F /* MapDelegate.swift in Sources */,
				F441D98E20FB7463008AF9EC /* ErrorRecording.swift in Sources */,
				F4B4C467212901E800086062 /* User+CoreDataClass.swift in Sources */,
				F4B4C473212901E800086062 /* DogBowl+CoreDataClass.swift in Sources */,
				F4FABA5C211C32190071758F /* MapViewController.swift in Sources */,
				F4B4C44E2127E7C900086062 /* NearbyBusinessTable.swift in Sources */,
				F4B4C46D212901E800086062 /* Establishment+CoreDataClass.swift in Sources */,
				F4B4C476212901E800086062 /* DogBowl+CoreDataProperties.swift in Sources */,
				F4B4C46A212901E800086062 /* User+CoreDataProperties.swift in Sources */,
				F43F5EC32120F3D900C22B9E /* LocationSearchViewController.swift in Sources */,
				F4B4C45C2128F8AB00086062 /* ImgDelegate.swift in Sources */,
				F4B4C47C212901E800086062 /* Rating+CoreDataProperties.swift in Sources */,
>>>>>>> Stashed changes
			);
			runOnlyForDeploymentPostprocessing = 0;
		};
		F4B1BC7D20D4A84A009F80CE /* Sources */ = {
			isa = PBXSourcesBuildPhase;
			buildActionMask = 2147483647;
			files = (
<<<<<<< Updated upstream
=======
				F4B4C47A212901E800086062 /* Rating+CoreDataClass.swift in Sources */,
>>>>>>> Stashed changes
				9BC3380120E48FA40053C16A /* Model.swift in Sources */,
				9BC3380520E48FC70053C16A /* Establishment.swift in Sources */,
				F489D2CF20F6FAA000D8B69C /* DetailViewController.swift in Sources */,
				F4B1BC8620D4A84A009F80CE /* dog_bowlUITests.swift in Sources */,
<<<<<<< Updated upstream
				F489D2D720F75F3300D8B69C /* CosmosDistrib.swift in Sources */,
				F489D2CB20F6DEA300D8B69C /* TableViewController.swift in Sources */,
				F441D96720F87EB8008AF9EC /* MapController.swift in Sources */,
				9BC337FD20E48F860053C16A /* DogBowl.swift in Sources */,
=======
				F435D09C2127AB9400C8F3B5 /* AddEditView.swift in Sources */,
				F43F5EC821210F8B00C22B9E /* GooglePlacesRequest.swift in Sources */,
				F46D62B2212904AC0071B97F /* dog_bowl.xcdatamodeld in Sources */,
				F4FABA63211C32CF0071758F /* MapDelegate.swift in Sources */,
				F441D98F20FB7463008AF9EC /* ErrorRecording.swift in Sources */,
				F4B4C468212901E800086062 /* User+CoreDataClass.swift in Sources */,
				F4B4C474212901E800086062 /* DogBowl+CoreDataClass.swift in Sources */,
				F4FABA5D211C32190071758F /* MapViewController.swift in Sources */,
				F4B4C44F2127E7C900086062 /* NearbyBusinessTable.swift in Sources */,
				F4B4C46E212901E800086062 /* Establishment+CoreDataClass.swift in Sources */,
				F4B4C477212901E800086062 /* DogBowl+CoreDataProperties.swift in Sources */,
				F4B4C46B212901E800086062 /* User+CoreDataProperties.swift in Sources */,
				F43F5EC42120F3D900C22B9E /* LocationSearchViewController.swift in Sources */,
				F4B4C45D2128F8AB00086062 /* ImgDelegate.swift in Sources */,
				F4B4C47D212901E800086062 /* Rating+CoreDataProperties.swift in Sources */,
>>>>>>> Stashed changes
			);
			runOnlyForDeploymentPostprocessing = 0;
		};
/* End PBXSourcesBuildPhase section */

/* Begin PBXTargetDependency section */
		F4B1BC7820D4A84A009F80CE /* PBXTargetDependency */ = {
			isa = PBXTargetDependency;
			target = F4B1BC5E20D4A849009F80CE /* dog-bowl */;
			targetProxy = F4B1BC7720D4A84A009F80CE /* PBXContainerItemProxy */;
		};
		F4B1BC8320D4A84A009F80CE /* PBXTargetDependency */ = {
			isa = PBXTargetDependency;
			target = F4B1BC5E20D4A849009F80CE /* dog-bowl */;
			targetProxy = F4B1BC8220D4A84A009F80CE /* PBXContainerItemProxy */;
		};
/* End PBXTargetDependency section */

/* Begin PBXVariantGroup section */
		F4B1BC6620D4A849009F80CE /* Main.storyboard */ = {
			isa = PBXVariantGroup;
			children = (
				F4B1BC6720D4A849009F80CE /* Base */,
			);
			name = Main.storyboard;
			sourceTree = "<group>";
		};
		F4B1BC6E20D4A84A009F80CE /* LaunchScreen.storyboard */ = {
			isa = PBXVariantGroup;
			children = (
				F4B1BC6F20D4A84A009F80CE /* Base */,
			);
			name = LaunchScreen.storyboard;
			sourceTree = "<group>";
		};
/* End PBXVariantGroup section */

/* Begin XCBuildConfiguration section */
		F4B1BC8820D4A84A009F80CE /* Debug */ = {
			isa = XCBuildConfiguration;
			buildSettings = {
				ALWAYS_SEARCH_USER_PATHS = NO;
				CLANG_ANALYZER_NONNULL = YES;
				CLANG_ANALYZER_NUMBER_OBJECT_CONVERSION = YES_AGGRESSIVE;
				CLANG_CXX_LANGUAGE_STANDARD = "gnu++14";
				CLANG_CXX_LIBRARY = "libc++";
				CLANG_ENABLE_MODULES = YES;
				CLANG_ENABLE_OBJC_ARC = YES;
				CLANG_ENABLE_OBJC_WEAK = YES;
				CLANG_WARN_BLOCK_CAPTURE_AUTORELEASING = YES;
				CLANG_WARN_BOOL_CONVERSION = YES;
				CLANG_WARN_COMMA = YES;
				CLANG_WARN_CONSTANT_CONVERSION = YES;
				CLANG_WARN_DEPRECATED_OBJC_IMPLEMENTATIONS = YES;
				CLANG_WARN_DIRECT_OBJC_ISA_USAGE = YES_ERROR;
				CLANG_WARN_DOCUMENTATION_COMMENTS = YES;
				CLANG_WARN_EMPTY_BODY = YES;
				CLANG_WARN_ENUM_CONVERSION = YES;
				CLANG_WARN_INFINITE_RECURSION = YES;
				CLANG_WARN_INT_CONVERSION = YES;
				CLANG_WARN_NON_LITERAL_NULL_CONVERSION = YES;
				CLANG_WARN_OBJC_IMPLICIT_RETAIN_SELF = YES;
				CLANG_WARN_OBJC_LITERAL_CONVERSION = YES;
				CLANG_WARN_OBJC_ROOT_CLASS = YES_ERROR;
				CLANG_WARN_RANGE_LOOP_ANALYSIS = YES;
				CLANG_WARN_STRICT_PROTOTYPES = YES;
				CLANG_WARN_SUSPICIOUS_MOVE = YES;
				CLANG_WARN_UNGUARDED_AVAILABILITY = YES_AGGRESSIVE;
				CLANG_WARN_UNREACHABLE_CODE = YES;
				CLANG_WARN__DUPLICATE_METHOD_MATCH = YES;
				CODE_SIGN_IDENTITY = "iPhone Developer";
				COPY_PHASE_STRIP = NO;
				DEBUG_INFORMATION_FORMAT = dwarf;
				ENABLE_STRICT_OBJC_MSGSEND = YES;
				ENABLE_TESTABILITY = YES;
				GCC_C_LANGUAGE_STANDARD = gnu11;
				GCC_DYNAMIC_NO_PIC = NO;
				GCC_NO_COMMON_BLOCKS = YES;
				GCC_OPTIMIZATION_LEVEL = 0;
				GCC_PREPROCESSOR_DEFINITIONS = (
					"DEBUG=1",
					"$(inherited)",
				);
				GCC_WARN_64_TO_32_BIT_CONVERSION = YES;
				GCC_WARN_ABOUT_RETURN_TYPE = YES_ERROR;
				GCC_WARN_UNDECLARED_SELECTOR = YES;
				GCC_WARN_UNINITIALIZED_AUTOS = YES_AGGRESSIVE;
				GCC_WARN_UNUSED_FUNCTION = YES;
				GCC_WARN_UNUSED_VARIABLE = YES;
				IPHONEOS_DEPLOYMENT_TARGET = 11.3;
				MTL_ENABLE_DEBUG_INFO = YES;
				ONLY_ACTIVE_ARCH = YES;
				SDKROOT = iphoneos;
				SWIFT_ACTIVE_COMPILATION_CONDITIONS = DEBUG;
				SWIFT_OPTIMIZATION_LEVEL = "-Onone";
			};
			name = Debug;
		};
		F4B1BC8920D4A84A009F80CE /* Release */ = {
			isa = XCBuildConfiguration;
			buildSettings = {
				ALWAYS_SEARCH_USER_PATHS = NO;
				CLANG_ANALYZER_NONNULL = YES;
				CLANG_ANALYZER_NUMBER_OBJECT_CONVERSION = YES_AGGRESSIVE;
				CLANG_CXX_LANGUAGE_STANDARD = "gnu++14";
				CLANG_CXX_LIBRARY = "libc++";
				CLANG_ENABLE_MODULES = YES;
				CLANG_ENABLE_OBJC_ARC = YES;
				CLANG_ENABLE_OBJC_WEAK = YES;
				CLANG_WARN_BLOCK_CAPTURE_AUTORELEASING = YES;
				CLANG_WARN_BOOL_CONVERSION = YES;
				CLANG_WARN_COMMA = YES;
				CLANG_WARN_CONSTANT_CONVERSION = YES;
				CLANG_WARN_DEPRECATED_OBJC_IMPLEMENTATIONS = YES;
				CLANG_WARN_DIRECT_OBJC_ISA_USAGE = YES_ERROR;
				CLANG_WARN_DOCUMENTATION_COMMENTS = YES;
				CLANG_WARN_EMPTY_BODY = YES;
				CLANG_WARN_ENUM_CONVERSION = YES;
				CLANG_WARN_INFINITE_RECURSION = YES;
				CLANG_WARN_INT_CONVERSION = YES;
				CLANG_WARN_NON_LITERAL_NULL_CONVERSION = YES;
				CLANG_WARN_OBJC_IMPLICIT_RETAIN_SELF = YES;
				CLANG_WARN_OBJC_LITERAL_CONVERSION = YES;
				CLANG_WARN_OBJC_ROOT_CLASS = YES_ERROR;
				CLANG_WARN_RANGE_LOOP_ANALYSIS = YES;
				CLANG_WARN_STRICT_PROTOTYPES = YES;
				CLANG_WARN_SUSPICIOUS_MOVE = YES;
				CLANG_WARN_UNGUARDED_AVAILABILITY = YES_AGGRESSIVE;
				CLANG_WARN_UNREACHABLE_CODE = YES;
				CLANG_WARN__DUPLICATE_METHOD_MATCH = YES;
				CODE_SIGN_IDENTITY = "iPhone Developer";
				COPY_PHASE_STRIP = NO;
				DEBUG_INFORMATION_FORMAT = "dwarf-with-dsym";
				ENABLE_NS_ASSERTIONS = NO;
				ENABLE_STRICT_OBJC_MSGSEND = YES;
				GCC_C_LANGUAGE_STANDARD = gnu11;
				GCC_NO_COMMON_BLOCKS = YES;
				GCC_WARN_64_TO_32_BIT_CONVERSION = YES;
				GCC_WARN_ABOUT_RETURN_TYPE = YES_ERROR;
				GCC_WARN_UNDECLARED_SELECTOR = YES;
				GCC_WARN_UNINITIALIZED_AUTOS = YES_AGGRESSIVE;
				GCC_WARN_UNUSED_FUNCTION = YES;
				GCC_WARN_UNUSED_VARIABLE = YES;
				IPHONEOS_DEPLOYMENT_TARGET = 11.3;
				MTL_ENABLE_DEBUG_INFO = NO;
				SDKROOT = iphoneos;
				SWIFT_COMPILATION_MODE = wholemodule;
				SWIFT_OPTIMIZATION_LEVEL = "-O";
				VALIDATE_PRODUCT = YES;
			};
			name = Release;
		};
		F4B1BC8B20D4A84A009F80CE /* Debug */ = {
			isa = XCBuildConfiguration;
			buildSettings = {
				ASSETCATALOG_COMPILER_APPICON_NAME = AppIcon;
				CODE_SIGN_STYLE = Automatic;
				DEVELOPMENT_TEAM = 67MNXGNS6N;
				INFOPLIST_FILE = "dog-bowl/Info.plist";
				LD_RUNPATH_SEARCH_PATHS = (
					"$(inherited)",
					"@executable_path/Frameworks",
				);
				PRODUCT_BUNDLE_IDENTIFIER = "sunny-coast-coders.dog-bowl";
				PRODUCT_NAME = "$(TARGET_NAME)";
				SWIFT_VERSION = 4.0;
				TARGETED_DEVICE_FAMILY = "1,2";
			};
			name = Debug;
		};
		F4B1BC8C20D4A84A009F80CE /* Release */ = {
			isa = XCBuildConfiguration;
			buildSettings = {
				ASSETCATALOG_COMPILER_APPICON_NAME = AppIcon;
				CODE_SIGN_STYLE = Automatic;
				DEVELOPMENT_TEAM = 67MNXGNS6N;
				INFOPLIST_FILE = "dog-bowl/Info.plist";
				LD_RUNPATH_SEARCH_PATHS = (
					"$(inherited)",
					"@executable_path/Frameworks",
				);
				PRODUCT_BUNDLE_IDENTIFIER = "sunny-coast-coders.dog-bowl";
				PRODUCT_NAME = "$(TARGET_NAME)";
				SWIFT_VERSION = 4.0;
				TARGETED_DEVICE_FAMILY = "1,2";
			};
			name = Release;
		};
		F4B1BC8E20D4A84A009F80CE /* Debug */ = {
			isa = XCBuildConfiguration;
			buildSettings = {
				ALWAYS_EMBED_SWIFT_STANDARD_LIBRARIES = YES;
				BUNDLE_LOADER = "$(TEST_HOST)";
				CODE_SIGN_STYLE = Automatic;
				DEVELOPMENT_TEAM = 67MNXGNS6N;
				INFOPLIST_FILE = "dog-bowlTests/Info.plist";
				LD_RUNPATH_SEARCH_PATHS = (
					"$(inherited)",
					"@executable_path/Frameworks",
					"@loader_path/Frameworks",
				);
				PRODUCT_BUNDLE_IDENTIFIER = "sunny-coast-coders.dog-bowlTests";
				PRODUCT_NAME = "$(TARGET_NAME)";
				SWIFT_VERSION = 4.0;
				TARGETED_DEVICE_FAMILY = "1,2";
				TEST_HOST = "$(BUILT_PRODUCTS_DIR)/dog-bowl.app/dog-bowl";
			};
			name = Debug;
		};
		F4B1BC8F20D4A84A009F80CE /* Release */ = {
			isa = XCBuildConfiguration;
			buildSettings = {
				ALWAYS_EMBED_SWIFT_STANDARD_LIBRARIES = YES;
				BUNDLE_LOADER = "$(TEST_HOST)";
				CODE_SIGN_STYLE = Automatic;
				DEVELOPMENT_TEAM = 67MNXGNS6N;
				INFOPLIST_FILE = "dog-bowlTests/Info.plist";
				LD_RUNPATH_SEARCH_PATHS = (
					"$(inherited)",
					"@executable_path/Frameworks",
					"@loader_path/Frameworks",
				);
				PRODUCT_BUNDLE_IDENTIFIER = "sunny-coast-coders.dog-bowlTests";
				PRODUCT_NAME = "$(TARGET_NAME)";
				SWIFT_VERSION = 4.0;
				TARGETED_DEVICE_FAMILY = "1,2";
				TEST_HOST = "$(BUILT_PRODUCTS_DIR)/dog-bowl.app/dog-bowl";
			};
			name = Release;
		};
		F4B1BC9120D4A84A009F80CE /* Debug */ = {
			isa = XCBuildConfiguration;
			buildSettings = {
				ALWAYS_EMBED_SWIFT_STANDARD_LIBRARIES = YES;
				CODE_SIGN_STYLE = Automatic;
				DEVELOPMENT_TEAM = 67MNXGNS6N;
				INFOPLIST_FILE = "dog-bowlUITests/Info.plist";
				LD_RUNPATH_SEARCH_PATHS = (
					"$(inherited)",
					"@executable_path/Frameworks",
					"@loader_path/Frameworks",
				);
				PRODUCT_BUNDLE_IDENTIFIER = "sunny-coast-coders.dog-bowlUITests";
				PRODUCT_NAME = "$(TARGET_NAME)";
				SWIFT_VERSION = 4.0;
				TARGETED_DEVICE_FAMILY = "1,2";
				TEST_TARGET_NAME = "dog-bowl";
			};
			name = Debug;
		};
		F4B1BC9220D4A84A009F80CE /* Release */ = {
			isa = XCBuildConfiguration;
			buildSettings = {
				ALWAYS_EMBED_SWIFT_STANDARD_LIBRARIES = YES;
				CODE_SIGN_STYLE = Automatic;
				DEVELOPMENT_TEAM = 67MNXGNS6N;
				INFOPLIST_FILE = "dog-bowlUITests/Info.plist";
				LD_RUNPATH_SEARCH_PATHS = (
					"$(inherited)",
					"@executable_path/Frameworks",
					"@loader_path/Frameworks",
				);
				PRODUCT_BUNDLE_IDENTIFIER = "sunny-coast-coders.dog-bowlUITests";
				PRODUCT_NAME = "$(TARGET_NAME)";
				SWIFT_VERSION = 4.0;
				TARGETED_DEVICE_FAMILY = "1,2";
				TEST_TARGET_NAME = "dog-bowl";
			};
			name = Release;
		};
/* End XCBuildConfiguration section */

/* Begin XCConfigurationList section */
		F4B1BC5A20D4A849009F80CE /* Build configuration list for PBXProject "dog-bowl" */ = {
			isa = XCConfigurationList;
			buildConfigurations = (
				F4B1BC8820D4A84A009F80CE /* Debug */,
				F4B1BC8920D4A84A009F80CE /* Release */,
			);
			defaultConfigurationIsVisible = 0;
			defaultConfigurationName = Release;
		};
		F4B1BC8A20D4A84A009F80CE /* Build configuration list for PBXNativeTarget "dog-bowl" */ = {
			isa = XCConfigurationList;
			buildConfigurations = (
				F4B1BC8B20D4A84A009F80CE /* Debug */,
				F4B1BC8C20D4A84A009F80CE /* Release */,
			);
			defaultConfigurationIsVisible = 0;
			defaultConfigurationName = Release;
		};
		F4B1BC8D20D4A84A009F80CE /* Build configuration list for PBXNativeTarget "dog-bowlTests" */ = {
			isa = XCConfigurationList;
			buildConfigurations = (
				F4B1BC8E20D4A84A009F80CE /* Debug */,
				F4B1BC8F20D4A84A009F80CE /* Release */,
			);
			defaultConfigurationIsVisible = 0;
			defaultConfigurationName = Release;
		};
		F4B1BC9020D4A84A009F80CE /* Build configuration list for PBXNativeTarget "dog-bowlUITests" */ = {
			isa = XCConfigurationList;
			buildConfigurations = (
				F4B1BC9120D4A84A009F80CE /* Debug */,
				F4B1BC9220D4A84A009F80CE /* Release */,
			);
			defaultConfigurationIsVisible = 0;
			defaultConfigurationName = Release;
		};
/* End XCConfigurationList section */

/* Begin XCVersionGroup section */
		F4B1BC6920D4A849009F80CE /* dog_bowl.xcdatamodeld */ = {
			isa = XCVersionGroup;
			children = (
				F4B1BC6A20D4A849009F80CE /* dog_bowl.xcdatamodel */,
			);
			currentVersion = F4B1BC6A20D4A849009F80CE /* dog_bowl.xcdatamodel */;
			path = dog_bowl.xcdatamodeld;
			sourceTree = "<group>";
			versionGroupType = wrapper.xcdatamodel;
		};
/* End XCVersionGroup section */
	};
	rootObject = F4B1BC5720D4A849009F80CE /* Project object */;
}
